
Microsoft Visual Studio Solution File, Format Version 12.00
Project("{FAE04EC0-301F-11D3-BF4B-00C04F79EFBC}") = "JBPPP2", "JBPPP2.csproj", "{D72BDF7E-AD3C-4C08-8F2A-0273F7309424}"
EndProject
Global
	GlobalSection(SolutionConfigurationPlatforms) = preSolution
		Debug|Any CPU = Debug|Any CPU
		Release|Any CPU = Release|Any CPU
	EndGlobalSection
	GlobalSection(ProjectConfigurationPlatforms) = postSolution
		{D72BDF7E-AD3C-4C08-8F2A-0273F7309424}.Debug|Any CPU.ActiveCfg = Debug|Any CPU
		{D72BDF7E-AD3C-4C08-8F2A-0273F7309424}.Debug|Any CPU.Build.0 = Debug|Any CPU
		{D72BDF7E-AD3C-4C08-8F2A-0273F7309424}.Release|Any CPU.ActiveCfg = Release|Any CPU
		{D72BDF7E-AD3C-4C08-8F2A-0273F7309424}.Release|Any CPU.Build.0 = Release|Any CPU
	EndGlobalSection
EndGlobal
